
Microsoft Visual Studio Solution File, Format Version 12.00
# Visual Studio Version 16
VisualStudioVersion = 16.0.30204.135
MinimumVisualStudioVersion = 10.0.40219.1
Project("{FAE04EC0-301F-11D3-BF4B-00C04F79EFBC}") = "Lab5_6IfStatements", "Lab5_6IfStatements.csproj", "{53922C6B-70D7-4469-A628-F99D79D9DCC7}"
EndProject
Global
	GlobalSection(SolutionConfigurationPlatforms) = preSolution
		Debug|Any CPU = Debug|Any CPU
		Release|Any CPU = Release|Any CPU
	EndGlobalSection
	GlobalSection(ProjectConfigurationPlatforms) = postSolution
		{53922C6B-70D7-4469-A628-F99D79D9DCC7}.Debug|Any CPU.ActiveCfg = Debug|Any CPU
		{53922C6B-70D7-4469-A628-F99D79D9DCC7}.Debug|Any CPU.Build.0 = Debug|Any CPU
		{53922C6B-70D7-4469-A628-F99D79D9DCC7}.Release|Any CPU.ActiveCfg = Release|Any CPU
		{53922C6B-70D7-4469-A628-F99D79D9DCC7}.Release|Any CPU.Build.0 = Release|Any CPU
	EndGlobalSection
	GlobalSection(SolutionProperties) = preSolution
		HideSolutionNode = FALSE
	EndGlobalSection
	GlobalSection(ExtensibilityGlobals) = postSolution
		SolutionGuid = {720E41D1-B246-4A46-A664-6CA3214BC68E}
	EndGlobalSection
EndGlobal
